
Microsoft Visual Studio Solution File, Format Version 12.00
# Visual Studio Version 17
VisualStudioVersion = 17.10.35013.160
MinimumVisualStudioVersion = 10.0.40219.1
Project("{FAE04EC0-301F-11D3-BF4B-00C04F79EFBC}") = "GroupApp", "GroupApp.csproj", "{D1D18D42-4DC3-4D6E-BC8F-8357659146E7}"
EndProject
Global
	GlobalSection(SolutionConfigurationPlatforms) = preSolution
		Debug|Any CPU = Debug|Any CPU
		Release|Any CPU = Release|Any CPU
	EndGlobalSection
	GlobalSection(ProjectConfigurationPlatforms) = postSolution
		{D1D18D42-4DC3-4D6E-BC8F-8357659146E7}.Debug|Any CPU.ActiveCfg = Debug|Any CPU
		{D1D18D42-4DC3-4D6E-BC8F-8357659146E7}.Debug|Any CPU.Build.0 = Debug|Any CPU
		{D1D18D42-4DC3-4D6E-BC8F-8357659146E7}.Release|Any CPU.ActiveCfg = Release|Any CPU
		{D1D18D42-4DC3-4D6E-BC8F-8357659146E7}.Release|Any CPU.Build.0 = Release|Any CPU
	EndGlobalSection
	GlobalSection(SolutionProperties) = preSolution
		HideSolutionNode = FALSE
	EndGlobalSection
	GlobalSection(ExtensibilityGlobals) = postSolution
		SolutionGuid = {B42103A3-D1DF-4CF0-ADA1-F6BCB19173C5}
	EndGlobalSection
EndGlobal
